{
    "_meta": {
        "hash": {
            "sha256": "a76a649d0da07924bd63b3fb0ff46d5d6a6065190af4742a8a63d31b9cc623f0"
        },
        "pipfile-spec": 6,
        "requires": {
            "python_version": "3.10"
        },
        "sources": [
            {
                "name": "pypi",
                "url": "https://pypi.org/simple",
                "verify_ssl": true
            }
        ]
    },
    "default": {
        "biopython": {
            "hashes": [
                "sha256:03ee5c72b3cc3f0675a8c22ce1c45fe99a32a60db18df059df479ae6cf619708",
                "sha256:155c5b95857bca7ebd607210cb9d8ea459bb0b86b3ca37ea44ec47c26ede7e9a",
                "sha256:2dbb4388c75b5dfca8ce729e791f465c9c878dbd7ba2ab9a1f9854609d2b5426",
                "sha256:365569543ea58dd07ef205ec351c23b6c1a3200d5d321eb28ceaecd55eb5955e",
                "sha256:4b3d4eec2e348c3d97a7fde80ee0f2b8ebeed849d2bd64a616833a9be03b93c8",
                "sha256:4be31815226052d86d4c2f6a103c40504e34bba3e25cc1b1d687a3203c42fb6e",
                "sha256:51eb467a60c38820ad1e6c3a7d4cb10535606f559646e824cc65c96091d91ff7",
                "sha256:5ae69c5e09769390643aa0f8064517665df6fb99c37433821d6664584d0ecb8c",
                "sha256:72a1477cf1701964c7224e506a54fd65d1cc5228da200b634a17992230aa1cbd",
                "sha256:76988ed3d7383d566db1d7fc69c9cf136c6275813fb749fc6753c340f81f1a8f",
                "sha256:83bfea8a19f9352c47b13965c4b73853e7aeef3c5aed8489895b0679e32c621b",
                "sha256:884a2b99ac7820cb84f70089769a512e3238ee60438b8c934ed519613dc570ce",
                "sha256:8f33dafd3c7254fff5e1684b965e45a7c08d9b8e1bf51562b0a521ff9a6f5ea0",
                "sha256:947b793e804c59ea45ae46945a57612ad1789ca87af4af0d6a62dcecf3a6246a",
                "sha256:9580978803b582e0612b71673cab289e6bf261a865009cfb9501d65bc726a76e",
                "sha256:98deacc30b8654cfcdcf707d93fa4e3c8717bbda07c3f9f828cf84753d4a1e4d",
                "sha256:9eadfd4300f534cd4fa39613eeee786d2c3d6b981d373c5c46616fa1a97cad10",
                "sha256:aa23a83a220486af6193760d079b36543fe00afcfbd18280ca2fd0b2c1c8dd6d",
                "sha256:ab93d5749b375be3682866b3a606aa2ebd3e6d868079793925bf4fbb0987cf1f",
                "sha256:b3ab26f26a1956ef26303386510d84e917e31fcbbc94918c336da0163ef628df",
                "sha256:bf634a56f449a4123e48e538d661948e5ac29fb452acd2962b8cb834b472a9d7",
                "sha256:ceab668be9cbdcddef55ad459f87acd0316ae4a00d32251fea4cf665f5062fda",
                "sha256:d9f6ce961e0c380e2a5435f64c96421dbcebeab6a1b41506bd81251feb733c08",
                "sha256:e921571b51514a6d35944242d6fef6427c3998acf58940fe1f209ac8a92a6e87",
                "sha256:edb07eac99d3b8abd7ba56ff4bedec9263f76dfc3c3f450e7d2e2bcdecf8559b",
                "sha256:f0a7e1d94a318f74974345fd0987ec389b16988ec484e67218e900b116b932a8"
            ],
            "index": "pypi",
            "version": "==1.79"
        },
        "certifi": {
            "hashes": [
                "sha256:84c85a9078b11105f04f3036a9482ae10e4621616db313fe045dd24743a0820d",
                "sha256:fe86415d55e84719d75f8b69414f6438ac3547d2078ab91b67e779ef69378412"
            ],
            "markers": "python_version >= '3.6'",
            "version": "==2022.6.15"
        },
        "charset-normalizer": {
            "hashes": [
                "sha256:5189b6f22b01957427f35b6a08d9a0bc45b46d3788ef5a92e978433c7a35f8a5",
                "sha256:575e708016ff3a5e3681541cb9d79312c416835686d054a23accb873b254f413"
            ],
            "markers": "python_version >= '3.6'",
            "version": "==2.1.0"
        },
        "frozendict": {
            "hashes": [
                "sha256:05dd27415f913cd11649009f53d97eb565ce7b76787d7869c4733738c10e8d27",
                "sha256:0664092614d2b9d0aa404731f33ad5459a54fe8dab9d1fd45aa714fa6de4d0ef",
                "sha256:0ece525da7d0aa3eb56c3e479f30612028d545081c15450d67d771a303ee7d4c",
                "sha256:0ff6f57854cc8aa8b30947ec005f9246d96e795a78b21441614e85d39b708822",
                "sha256:115a822ecd754574e11205e0880e9d61258d960863d6fd1b90883aa800f6d3b3",
                "sha256:11d35075f979c96f528d74ccbf89322a7ef8211977dd566bc384985ebce689be",
                "sha256:1662f1b72b4f4a2ffdfdc4981ece275ca11f90244208ac1f1fc2c17fc9c9437a",
                "sha256:176a66094428b9fd66270927b9787e3b8b1c9505ef92723c7b0ef1923dbe3c4a",
                "sha256:176dd384dfe1d0d79449e05f67764c57c6f0f3095378bf00deb33165d5d2df5b",
                "sha256:1c521ad3d747aa475e9040e231f5f1847c04423bae5571c010a9d969e6983c40",
                "sha256:1df8e22f7d24172c08434b10911f3971434bb5a59b4d1b0078ae33a623625294",
                "sha256:1e307be0e1f26cbc9593f6bdad5238a1408a50f39f63c9c39eb93c7de5926767",
                "sha256:1e801d62e35df24be2c6f7f43c114058712efa79a8549c289437754dad0207a3",
                "sha256:2808bab8e21887a8c106cca5f6f0ab5bda7ee81e159409a10f53d57542ccd99c",
                "sha256:294a7d7d51dd979021a8691b46aedf9bd4a594ce3ed33a4bdf0a712d6929d712",
                "sha256:2b96f224a5431889f04b2bc99c0e9abe285679464273ead83d7d7f2a15907d35",
                "sha256:2cf0a665bf2f1ce69d3cd8b6d3574b1d32ae00981a16fa1d255d2da8a2e44b7c",
                "sha256:2e5d2c30f4a3fea83a14b0a5722f21c10de5c755ab5637c70de5eb60886d58cd",
                "sha256:2ebd953c41408acfb8041ff9e6c3519c09988fb7e007df7ab6b56e229029d788",
                "sha256:313e0e1d8b22b317aa1f7dd48aec8cbb0416ddd625addf7648a69148fcb9ccff",
                "sha256:34233deb8d09e798e874a6ac00b054d2e842164d982ebd43eb91b9f0a6a34876",
                "sha256:346a53640f15c1640a3503f60ba99df39e4ab174979f10db4304bbb378df5cbd",
                "sha256:3842cfc2d69df5b9978f2e881b7678a282dbdd6846b11b5159f910bc633cbe4f",
                "sha256:39abe54264ae69a0b2e00fabdb5118604f36a5b927d33e7532cd594c5142ebf4",
                "sha256:3ed9e2f3547a59f4ef5c233614c6faa6221d33004cb615ae1c07ffc551cfe178",
                "sha256:48ab42b01952bc11543577de9fe5d9ca7c41b35dda36326a07fb47d84b3d5f22",
                "sha256:4c64d34b802912ee6d107936e970b90750385a1fdfd38d310098b2918ba4cbf2",
                "sha256:5694417864875ca959932e3b98e2b7d5d27c75177bf510939d0da583712ddf58",
                "sha256:57134ef5df1dd32229c148c75a7b89245dbdb89966a155d6dfd4bda653e8c7af",
                "sha256:57a754671c5746e11140363aa2f4e7a75c8607de6e85a2bf89dcd1daf51885a7",
                "sha256:5943c3f683d3f32036f6ca975e920e383d85add1857eee547742de9c1f283716",
                "sha256:5c1781f28c4bbb177644b3cb6d5cf7da59be374b02d91cdde68d1d5ef32e046b",
                "sha256:6991469a889ee8a108fe5ed1b044447c7b7a07da9067e93c59cbfac8c1d625cf",
                "sha256:6d30dbba6eb1497c695f3108c2c292807e7a237c67a1b9ff92c04e89969d22d1",
                "sha256:708382875c3cfe91be625dddcba03dee2dfdadbad2c431568a8c7f2f2af0bbee",
                "sha256:70e655c3aa5f893807830f549a7275031a181dbebeaf74c461b51adc755d9335",
                "sha256:735be62d757e1e7e496ccb6401efe82b473faa653e95eec0826cd7819a29a34c",
                "sha256:739ee81e574f33b46f1e6d9312f3ec2c549bdd574a4ebb6bf106775c9d85ca7b",
                "sha256:7469912c1a04102457871ff675aebe600dbb7e79a6450a166cc8079b88f6ca79",
                "sha256:75eefdf257a84ea73d553eb80d0abbff0af4c9df62529e4600fd3f96ff17eeb3",
                "sha256:76bd99f3508cb2ec87976f2e3fe7d92fb373a661cacffb863013d15e4cfaf0eb",
                "sha256:78a55f320ca924545494ce153df02d4349156cd95dc4603c1f0e80c42c889249",
                "sha256:7ddffe7c0b3be414f88185e212758989c65b497315781290eb029e2c1e1fd64e",
                "sha256:7fd0d0bd3a79e009dddbf5fedfd927ad495c218cd7b13a112d28a37e2079725c",
                "sha256:7fe194f37052a8f45a1a8507e36229e28b79f3d21542ae55ea6a18c6a444f625",
                "sha256:82d5272d08451bcef6fb6235a0a04cf1816b6b6815cec76be5ace1de17e0c1a4",
                "sha256:830d181781bb263c9fa430b81f82c867546f5dcb368e73931c8591f533a04afb",
                "sha256:88c6bea948da03087035bb9ca9625305d70e084aa33f11e17048cb7dda4ca293",
                "sha256:8a06f6c3d3b8d487226fdde93f621e04a54faecc5bf5d9b16497b8f9ead0ac3e",
                "sha256:8dfe2f4840b043436ee5bdd07b0fa5daecedf086e6957e7df050a56ab6db078d",
                "sha256:8ef11dd996208c5a96eab0683f7a17cb4b992948464d2498520efd75a10a2aac",
                "sha256:91a06ee46b3e3ef3b237046b914c0c905eab9fdfeac677e9b51473b482e24c28",
                "sha256:972af65924ea25cf5b4d9326d549e69a9a4918d8a76a9d3a7cd174d98b237550",
                "sha256:a10d38fa300f6bef230fae1fdb4bc98706b78c8a3a2f3140fde748469ef3cfe8",
                "sha256:a1a083e9ee7a1904e545a6307c7db1dd76200077520fcbf7a98d886f81b57dd7",
                "sha256:a265e95e7087f44b88a6d78a63ea95a2ca0eb0a21ab4f76047f4c164a8beb413",
                "sha256:a404857e48d85a517bb5b974d740f8c4fccb25d8df98885f3a2a4d950870b845",
                "sha256:a4d2b27d8156922c9739dd2ff4f3934716e17cfd1cf6fb61aa17af7d378555e9",
                "sha256:ad0448ed5569f0a9b9b010af9fb5b6d9bdc0b4b877a3ddb188396c4742e62284",
                "sha256:b1a94e8935c69ae30043b465af496f447950f2c03660aee8657074084faae0b3",
                "sha256:b22d337c76b765cb7961d4ee47fe29f89e30921eb47bf856b14dc7641f4df3e5",
                "sha256:b809d1c861436a75b2b015dbfd94f6154fa4e7cb0a70e389df1d5f6246b21d1e",
                "sha256:b960e700dc95faca7dd6919d0dce183ef89bfe01554d323cf5de7331a2e80f83",
                "sha256:bd37c087a538944652363cfd77fb7abe8100cc1f48afea0b88b38bf0f469c3d2",
                "sha256:c570649ceccfa5e11ad9351e9009dc484c315a51a56aa02ced07ae97644bb7aa",
                "sha256:c89617a784e1c24a31f5aa4809402f8072a26b64ddbc437897f6391ff69b0ee9",
                "sha256:c93827e0854393cd904b927ceb529afc17776706f5b9e45c7eaf6a40b3fc7b25",
                "sha256:ca17ac727ffeeba6c46f5a88e0284a7cb1520fb03127645fcdd7041080adf849",
                "sha256:cc2085926872a1b26deda4b81b2254d2e5d2cb2c4d7b327abe4c820b7c93f40b",
                "sha256:cc520f3f4af14f456143a534d554175dbc0f0636ffd653e63675cd591862a9d9",
                "sha256:d10c2ea7c90ba204cd053167ba214d0cdd00f3184c7b8d117a56d7fd2b0c6553",
                "sha256:d1b4426457757c30ad86b57cdbcc0adaa328399f1ec3d231a0a2ce7447248987",
                "sha256:d4d7ec24d3bfcfac3baf4dffd7fcea3fa8474b087ce32696232132064aa062cf",
                "sha256:d774df483c12d6cba896eb9a1337bbc5ad3f564eb18cfaaee3e95fb4402f2a86",
                "sha256:d8930877a2dd40461968d9238d95c754e51b33ce7d2a45500f88ffeed5cb7202",
                "sha256:dd518f300e5eb6a8827bee380f2e1a31c01dc0af069b13abdecd4e5769bd8a97",
                "sha256:de1fff2683d8af01299ec01eb21a24b6097ce92015fc1fbefa977cecf076a3fc",
                "sha256:de8d2c98777ba266f5466e211778d4e3bd00635a207c54f6f7511d8613b86dd3",
                "sha256:e0d450c9d444befe2668bf9386ac2945a2f38152248d58f6b3feea63db59ba08",
                "sha256:e478fb2a1391a56c8a6e10cc97c4a9002b410ecd1ac28c18d780661762e271bd",
                "sha256:e89492dfcc4c27a718f8b5a4c8df1a2dec6c689718cccd70cb2ceba69ab8c642",
                "sha256:eab9ef8a9268042e819de03079b984eb0894f05a7b63c4e5319b1cf1ef362ba7",
                "sha256:ebae8f4a07372acfc3963fc8d68070cdaab70272c3dd836f057ebbe9b7d38643",
                "sha256:ec846bde66b75d68518c7b24a0a46d09db0aee5a6aefd2209d9901faf6e9df21",
                "sha256:f42e2c25d3eee4ea3da88466f38ed0dce8c622a1a9d92572e5ee53b7a6bb9ef1",
                "sha256:f556ea05d9c5f6dae50d57ce6234e4ab1fbf4551dd0d52b4fed6ef537d9f3d3c",
                "sha256:f65d1b90e9ddc791ea82ef91a9ae0ab27ef6c0cfa88fadfa0e5ca5a22f8fa22f",
                "sha256:fc43257a06e6117da6a8a0779243b974cdb9205fed82e32eb669f6746c75d27d",
                "sha256:fd7ba56cf6340c732ecb78787c4e9600c4bd01372af7313ded21037126d33ec6",
                "sha256:ffd1a9f9babec9119712e76a39397d8aa0d72ef8c4ccad917c6175d7e7f81b74",
                "sha256:fff8584e3bbdc5c1713cd016fbf4b88babfffd4e5e89b39020f2a208dd24c900"
            ],
            "index": "pypi",
            "markers": "python_version >= '3.6'",
            "version": "==2.4.7"
        },
        "idna": {
            "hashes": [
                "sha256:84d9dd047ffa80596e0f246e2eab0b391788b0503584e8945f2368256d2735ff",
                "sha256:9d643ff0a55b762d5cdb124b8eaa99c66322e2157b69160bc32796e824360e6d"
            ],
            "markers": "python_version >= '3.5'",
            "version": "==3.3"
        },
        "networkx": {
            "hashes": [
                "sha256:5e53f027c0d567cf1f884dbb283224df525644e43afd1145d64c9d88a3584762",
                "sha256:6933b9b3174a0bdf03c911bb4a1ee43a86ce3edeb813e37e1d4c553b3f4a2c4f"
            ],
            "index": "pypi",
            "version": "==2.8.4"
        },
        "numpy": {
            "hashes": [
                "sha256:1408c3527a74a0209c781ac82bde2182b0f0bf54dea6e6a363fe0cc4488a7ce7",
                "sha256:173f28921b15d341afadf6c3898a34f20a0569e4ad5435297ba262ee8941e77b",
                "sha256:1865fdf51446839ca3fffaab172461f2b781163f6f395f1aed256b1ddc253622",
                "sha256:3119daed207e9410eaf57dcf9591fdc68045f60483d94956bee0bfdcba790953",
                "sha256:35590b9c33c0f1c9732b3231bb6a72d1e4f77872390c47d50a615686ae7ed3fd",
                "sha256:37e5ebebb0eb54c5b4a9b04e6f3018e16b8ef257d26c8945925ba8105008e645",
                "sha256:37ece2bd095e9781a7156852e43d18044fd0d742934833335599c583618181b9",
                "sha256:3ab67966c8d45d55a2bdf40701536af6443763907086c0a6d1232688e27e5447",
                "sha256:47f10ab202fe4d8495ff484b5561c65dd59177949ca07975663f4494f7269e3e",
                "sha256:55df0f7483b822855af67e38fb3a526e787adf189383b4934305565d71c4b148",
                "sha256:5d732d17b8a9061540a10fda5bfeabca5785700ab5469a5e9b93aca5e2d3a5fb",
                "sha256:68b69f52e6545af010b76516f5daaef6173e73353e3295c5cb9f96c35d755641",
                "sha256:7e8229f3687cdadba2c4faef39204feb51ef7c1a9b669247d49a24f3e2e1617c",
                "sha256:8002574a6b46ac3b5739a003b5233376aeac5163e5dcd43dd7ad062f3e186129",
                "sha256:876f60de09734fbcb4e27a97c9a286b51284df1326b1ac5f1bf0ad3678236b22",
                "sha256:9ce242162015b7e88092dccd0e854548c0926b75c7924a3495e02c6067aba1f5",
                "sha256:a35c4e64dfca659fe4d0f1421fc0f05b8ed1ca8c46fb73d9e5a7f175f85696bb",
                "sha256:aeba539285dcf0a1ba755945865ec61240ede5432df41d6e29fab305f4384db2",
                "sha256:b15c3f1ed08df4980e02cc79ee058b788a3d0bef2fb3c9ca90bb8cbd5b8a3a04",
                "sha256:c2f91f88230042a130ceb1b496932aa717dcbd665350beb821534c5c7e15881c",
                "sha256:d748ef349bfef2e1194b59da37ed5a29c19ea8d7e6342019921ba2ba4fd8b624",
                "sha256:e0d7447679ae9a7124385ccf0ea990bb85bb869cef217e2ea6c844b6a6855073"
            ],
            "markers": "python_version >= '3.8'",
            "version": "==1.23.1"
        },
        "parsec": {
            "hashes": [
                "sha256:950149cb0932c8cefcf378be10b68d864fea70bbfef5ce99fd58ac2f3258bf9c",
                "sha256:f5c764f7142b0ecc092a16488503922a1ef2bcdc5ad3031f32a9e115ac867b6f"
            ],
            "index": "pypi",
            "version": "==3.13"
        },
        "pyjwt": {
            "hashes": [
                "sha256:72d1d253f32dbd4f5c88eaf1fdc62f3a19f676ccbadb9dbc5d07e951b2b26daf",
                "sha256:d42908208c699b3b973cbeb01a969ba6a96c821eefb1c5bfe4c390c01d67abba"
            ],
            "markers": "python_version >= '3.6'",
            "version": "==2.4.0"
        },
        "python-arango": {
            "hashes": [
                "sha256:20dfa59a84f5b0a7344b3c053e9f6fb6f6e9ba1cc2eea7290d3f1b52e5cbdfa0",
                "sha256:2c05d0a0d74754cc2ed36a0f39546215de82bc955cb364592a12bf07c5705fce"
            ],
            "index": "pypi",
            "version": "==7.4.1"
        },
        "requests": {
            "hashes": [
                "sha256:7c5599b102feddaa661c826c56ab4fee28bfd17f5abca1ebbe3e7f19d7c97983",
                "sha256:8fefa2a1a1365bf5520aac41836fbee479da67864514bdb821f31ce07ce65349"
            ],
            "index": "pypi",
            "version": "==2.28.1"
        },
        "requests-toolbelt": {
            "hashes": [
                "sha256:380606e1d10dc85c3bd47bf5a6095f815ec007be7a8b69c878507068df059e6f",
                "sha256:968089d4584ad4ad7c171454f0a5c6dac23971e9472521ea3b6d49d610aa6fc0"
            ],
            "version": "==0.9.1"
        },
        "setuptools": {
            "hashes": [
                "sha256:7c7854ee1429a240090297628dc9f75b35318d193537968e2dc14010ee2f5bca",
                "sha256:dc2662692f47d99cb8ae15a784529adeed535bcd7c277fee0beccf961522baf6"
            ],
            "markers": "python_version >= '3.7'",
            "version": "==63.4.1"
        },
        "tomli": {
            "hashes": [
                "sha256:939de3e7a6161af0c887ef91b7d41a53e7c5a1ca976325f429cb46ea9bc30ecc",
                "sha256:de526c12914f0c550d15924c62d72abc48d6fe7364aa87328337a31007fe8a4f"
            ],
            "index": "pypi",
            "version": "==2.0.1"
        },
        "urllib3": {
            "hashes": [
                "sha256:c33ccba33c819596124764c23a97d25f32b28433ba0dedeb77d873a38722c9bc",
                "sha256:ea6e8fb210b19d950fab93b60c9009226c63a28808bc8386e05301e25883ac0a"
            ],
            "markers": "python_version >= '2.7' and python_version not in '3.0, 3.1, 3.2, 3.3, 3.4, 3.5' and python_version < '4'",
            "version": "==1.26.11"
        }
    },
    "develop": {
        "asttokens": {
            "hashes": [
                "sha256:0844691e88552595a6f4a4281a9f7f79b8dd45ca4ccea82e5e05b4bbdb76705c",
                "sha256:9a54c114f02c7a9480d56550932546a3f1fe71d8a02f1bc7ccd0ee3ee35cf4d5"
            ],
            "version": "==2.0.5"
        },
        "attrs": {
            "hashes": [
                "sha256:29adc2665447e5191d0e7c568fde78b21f9672d344281d0c6e1ab085429b22b6",
                "sha256:86efa402f67bf2df34f51a335487cf46b1ec130d02b8d39fd248abfd30da551c"
            ],
            "markers": "python_version >= '3.5'",
            "version": "==22.1.0"
        },
        "coverage": {
            "hashes": [
                "sha256:0895ea6e6f7f9939166cc835df8fa4599e2d9b759b02d1521b574e13b859ac32",
                "sha256:0f211df2cba951ffcae210ee00e54921ab42e2b64e0bf2c0befc977377fb09b7",
                "sha256:147605e1702d996279bb3cc3b164f408698850011210d133a2cb96a73a2f7996",
                "sha256:24b04d305ea172ccb21bee5bacd559383cba2c6fcdef85b7701cf2de4188aa55",
                "sha256:25b7ec944f114f70803d6529394b64f8749e93cbfac0fe6c5ea1b7e6c14e8a46",
                "sha256:2b20286c2b726f94e766e86a3fddb7b7e37af5d0c635bdfa7e4399bc523563de",
                "sha256:2dff52b3e7f76ada36f82124703f4953186d9029d00d6287f17c68a75e2e6039",
                "sha256:2f8553878a24b00d5ab04b7a92a2af50409247ca5c4b7a2bf4eabe94ed20d3ee",
                "sha256:3def6791adf580d66f025223078dc84c64696a26f174131059ce8e91452584e1",
                "sha256:422fa44070b42fef9fb8dabd5af03861708cdd6deb69463adc2130b7bf81332f",
                "sha256:4f89d8e03c8a3757aae65570d14033e8edf192ee9298303db15955cadcff0c63",
                "sha256:5336e0352c0b12c7e72727d50ff02557005f79a0b8dcad9219c7c4940a930083",
                "sha256:54d8d0e073a7f238f0666d3c7c0d37469b2aa43311e4024c925ee14f5d5a1cbe",
                "sha256:5ef42e1db047ca42827a85e34abe973971c635f83aed49611b7f3ab49d0130f0",
                "sha256:5f65e5d3ff2d895dab76b1faca4586b970a99b5d4b24e9aafffc0ce94a6022d6",
                "sha256:6c3ccfe89c36f3e5b9837b9ee507472310164f352c9fe332120b764c9d60adbe",
                "sha256:6d0b48aff8e9720bdec315d67723f0babd936a7211dc5df453ddf76f89c59933",
                "sha256:6fe75dcfcb889b6800f072f2af5a331342d63d0c1b3d2bf0f7b4f6c353e8c9c0",
                "sha256:79419370d6a637cb18553ecb25228893966bd7935a9120fa454e7076f13b627c",
                "sha256:7bb00521ab4f99fdce2d5c05a91bddc0280f0afaee0e0a00425e28e209d4af07",
                "sha256:80db4a47a199c4563d4a25919ff29c97c87569130375beca3483b41ad5f698e8",
                "sha256:866ebf42b4c5dbafd64455b0a1cd5aa7b4837a894809413b930026c91e18090b",
                "sha256:8af6c26ba8df6338e57bedbf916d76bdae6308e57fc8f14397f03b5da8622b4e",
                "sha256:a13772c19619118903d65a91f1d5fea84be494d12fd406d06c849b00d31bf120",
                "sha256:a697977157adc052284a7160569b36a8bbec09db3c3220642e6323b47cec090f",
                "sha256:a9032f9b7d38bdf882ac9f66ebde3afb8145f0d4c24b2e600bc4c6304aafb87e",
                "sha256:b5e28db9199dd3833cc8a07fa6cf429a01227b5d429facb56eccd765050c26cd",
                "sha256:c77943ef768276b61c96a3eb854eba55633c7a3fddf0a79f82805f232326d33f",
                "sha256:d230d333b0be8042ac34808ad722eabba30036232e7a6fb3e317c49f61c93386",
                "sha256:d4548be38a1c810d79e097a38107b6bf2ff42151900e47d49635be69943763d8",
                "sha256:d4e7ced84a11c10160c0697a6cc0b214a5d7ab21dfec1cd46e89fbf77cc66fae",
                "sha256:d56f105592188ce7a797b2bd94b4a8cb2e36d5d9b0d8a1d2060ff2a71e6b9bbc",
                "sha256:d714af0bdba67739598849c9f18efdcc5a0412f4993914a0ec5ce0f1e864d783",
                "sha256:d774d9e97007b018a651eadc1b3970ed20237395527e22cbeb743d8e73e0563d",
                "sha256:e0524adb49c716ca763dbc1d27bedce36b14f33e6b8af6dba56886476b42957c",
                "sha256:e2618cb2cf5a7cc8d698306e42ebcacd02fb7ef8cfc18485c59394152c70be97",
                "sha256:e36750fbbc422c1c46c9d13b937ab437138b998fe74a635ec88989afb57a3978",
                "sha256:edfdabe7aa4f97ed2b9dd5dde52d2bb29cb466993bb9d612ddd10d0085a683cf",
                "sha256:f22325010d8824594820d6ce84fa830838f581a7fd86a9235f0d2ed6deb61e29",
                "sha256:f23876b018dfa5d3e98e96f5644b109090f16a4acb22064e0f06933663005d39",
                "sha256:f7bd0ffbcd03dc39490a1f40b2669cc414fae0c4e16b77bb26806a4d0b7d1452"
            ],
            "index": "pypi",
            "version": "==6.4.2"
        },
        "devtools": {
            "extras": [
                "pygments"
            ],
            "hashes": [
                "sha256:689cf4e7c75024237c42093ba19f4fa9cf15980269f02463aeab4d97d4b0a215",
                "sha256:86ede6e0273e023db766344d14098228785b48a80f31716f28e8b9453d52fa1e"
            ],
            "index": "pypi",
            "version": "==0.9.0"
        },
        "executing": {
            "hashes": [
                "sha256:4ce4d6082d99361c0231fc31ac1a0f56979363cc6819de0b1410784f99e49105",
                "sha256:ea278e2cf90cbbacd24f1080dd1f0ac25b71b2e21f50ab439b7ba45dd3195587"
            ],
            "version": "==0.9.1"
        },
        "flake8": {
            "hashes": [
                "sha256:479b1304f72536a55948cb40a32dce8bb0ffe3501e26eaf292c7e60eb5e0428d",
                "sha256:806e034dda44114815e23c16ef92f95c91e4c71100ff52813adf7132a6ad870d"
            ],
            "index": "pypi",
            "version": "==4.0.1"
        },
        "iniconfig": {
            "hashes": [
                "sha256:011e24c64b7f47f6ebd835bb12a743f2fbe9a26d4cecaa7f53bc4f35ee9da8b3",
                "sha256:bc3af051d7d14b2ee5ef9969666def0cd1a000e121eaea580d4a313df4b37f32"
            ],
            "version": "==1.1.1"
        },
        "mccabe": {
            "hashes": [
                "sha256:ab8a6258860da4b6677da4bd2fe5dc2c659cff31b3ee4f7f5d64e79735b80d42",
                "sha256:dd8d182285a0fe56bace7f45b5e7d1a6ebcbf524e8f3bd87eb0f125271b8831f"
            ],
            "version": "==0.6.1"
        },
        "packaging": {
            "hashes": [
                "sha256:dd47c42927d89ab911e606518907cc2d3a1f38bbd026385970643f9c5b8ecfeb",
                "sha256:ef103e05f519cdc783ae24ea4e2e0f508a9c99b2d4969652eed6a2e1ea5bd522"
            ],
            "markers": "python_version >= '3.6'",
            "version": "==21.3"
        },
        "pluggy": {
            "hashes": [
                "sha256:4224373bacce55f955a878bf9cfa763c1e360858e330072059e10bad68531159",
                "sha256:74134bbf457f031a36d68416e1509f34bd5ccc019f0bcc952c7b909d06b37bd3"
            ],
            "markers": "python_version >= '3.6'",
            "version": "==1.0.0"
        },
        "py": {
            "hashes": [
                "sha256:51c75c4126074b472f746a24399ad32f6053d1b34b68d2fa41e558e6f4a98719",
                "sha256:607c53218732647dff4acdfcd50cb62615cedf612e72d1724fb1a0cc6405b378"
            ],
            "markers": "python_version >= '2.7' and python_version not in '3.0, 3.1, 3.2, 3.3, 3.4'",
            "version": "==1.11.0"
        },
        "pycodestyle": {
            "hashes": [
                "sha256:720f8b39dde8b293825e7ff02c475f3077124006db4f440dcbc9a20b76548a20",
                "sha256:eddd5847ef438ea1c7870ca7eb78a9d47ce0cdb4851a5523949f2601d0cbbe7f"
            ],
            "markers": "python_version >= '2.7' and python_version not in '3.0, 3.1, 3.2, 3.3, 3.4'",
            "version": "==2.8.0"
        },
        "pyflakes": {
            "hashes": [
                "sha256:05a85c2872edf37a4ed30b0cce2f6093e1d0581f8c19d7393122da7e25b2b24c",
                "sha256:3bb3a3f256f4b7968c9c788781e4ff07dce46bdf12339dcda61053375426ee2e"
            ],
            "markers": "python_version >= '2.7' and python_version not in '3.0, 3.1, 3.2, 3.3'",
            "version": "==2.4.0"
        },
        "pygments": {
            "hashes": [
                "sha256:5eb116118f9612ff1ee89ac96437bb6b49e8f04d8a13b514ba26f620208e26eb",
                "sha256:dc9c10fb40944260f6ed4c688ece0cd2048414940f1cea51b8b226318411c519"
            ],
            "version": "==2.12.0"
        },
        "pyparsing": {
            "hashes": [
                "sha256:2b020ecf7d21b687f219b71ecad3631f644a47f01403fa1d1036b0c6416d70fb",
                "sha256:5026bae9a10eeaefb61dab2f09052b9f4307d44aee4eda64b309723d8d206bbc"
            ],
            "markers": "python_full_version >= '3.6.8'",
            "version": "==3.0.9"
        },
        "pytest": {
            "hashes": [
                "sha256:13d0e3ccfc2b6e26be000cb6568c832ba67ba32e719443bfe725814d3c42433c",
                "sha256:a06a0425453864a270bc45e71f783330a7428defb4230fb5e6a731fde06ecd45"
            ],
            "index": "pypi",
            "version": "==7.1.2"
        },
        "pytest-cov": {
            "hashes": [
                "sha256:578d5d15ac4a25e5f961c938b85a05b09fdaae9deef3bb6de9a6e766622ca7a6",
                "sha256:e7f0f5b1617d2210a2cabc266dfe2f4c75a8d32fb89eafb7ad9d06f6d076d470"
            ],
            "index": "pypi",
            "version": "==3.0.0"
        },
        "six": {
            "hashes": [
                "sha256:1e61c37477a1626458e36f7b1d82aa5c9b094fa4802892072e49de9c60c4c926",
                "sha256:8abb2f1d86890a2dfb989f9a77cfcfd3e47c2a354b01111771326f8aa26e0254"
            ],
            "markers": "python_version >= '2.7' and python_version not in '3.0, 3.1, 3.2, 3.3'",
            "version": "==1.16.0"
        },
        "tomli": {
            "hashes": [
                "sha256:939de3e7a6161af0c887ef91b7d41a53e7c5a1ca976325f429cb46ea9bc30ecc",
                "sha256:de526c12914f0c550d15924c62d72abc48d6fe7364aa87328337a31007fe8a4f"
            ],
            "index": "pypi",
            "version": "==2.0.1"
        }
    }
}
